
Microsoft Visual Studio Solution File, Format Version 12.00
# Visual Studio 15
VisualStudioVersion = 15.0.27130.2020
MinimumVisualStudioVersion = 10.0.40219.1
Project("{FAE04EC0-301F-11D3-BF4B-00C04F79EFBC}") = "RabbitMQProject", "RabbitMQProject\RabbitMQProject.csproj", "{4153CECB-CAF6-4A5F-A7A1-F4B22C6D6B89}"
EndProject
Global
	GlobalSection(SolutionConfigurationPlatforms) = preSolution
		Debug|Any CPU = Debug|Any CPU
		Release|Any CPU = Release|Any CPU
	EndGlobalSection
	GlobalSection(ProjectConfigurationPlatforms) = postSolution
		{4153CECB-CAF6-4A5F-A7A1-F4B22C6D6B89}.Debug|Any CPU.ActiveCfg = Debug|Any CPU
		{4153CECB-CAF6-4A5F-A7A1-F4B22C6D6B89}.Debug|Any CPU.Build.0 = Debug|Any CPU
		{4153CECB-CAF6-4A5F-A7A1-F4B22C6D6B89}.Release|Any CPU.ActiveCfg = Release|Any CPU
		{4153CECB-CAF6-4A5F-A7A1-F4B22C6D6B89}.Release|Any CPU.Build.0 = Release|Any CPU
	EndGlobalSection
	GlobalSection(SolutionProperties) = preSolution
		HideSolutionNode = FALSE
	EndGlobalSection
	GlobalSection(ExtensibilityGlobals) = postSolution
		SolutionGuid = {BA767DCD-0D36-4154-AFA4-95AA45E5985D}
	EndGlobalSection
EndGlobal
